
Microsoft Visual Studio Solution File, Format Version 12.00
# Visual Studio Version 17
VisualStudioVersion = 17.1.32328.378
MinimumVisualStudioVersion = 10.0.40219.1
Project("{FAE04EC0-301F-11D3-BF4B-00C04F79EFBC}") = "Movie Database", "Movie Database\Movie Database.csproj", "{2C554709-0352-4E0C-8F16-10D8167167AB}"
EndProject
Global
	GlobalSection(SolutionConfigurationPlatforms) = preSolution
		Debug|Any CPU = Debug|Any CPU
		Release|Any CPU = Release|Any CPU
	EndGlobalSection
	GlobalSection(ProjectConfigurationPlatforms) = postSolution
		{2C554709-0352-4E0C-8F16-10D8167167AB}.Debug|Any CPU.ActiveCfg = Debug|Any CPU
		{2C554709-0352-4E0C-8F16-10D8167167AB}.Debug|Any CPU.Build.0 = Debug|Any CPU
		{2C554709-0352-4E0C-8F16-10D8167167AB}.Release|Any CPU.ActiveCfg = Release|Any CPU
		{2C554709-0352-4E0C-8F16-10D8167167AB}.Release|Any CPU.Build.0 = Release|Any CPU
	EndGlobalSection
	GlobalSection(SolutionProperties) = preSolution
		HideSolutionNode = FALSE
	EndGlobalSection
	GlobalSection(ExtensibilityGlobals) = postSolution
		SolutionGuid = {A1D7E668-E061-40A2-99A4-027747DBC6EC}
	EndGlobalSection
EndGlobal
